// !$*UTF8*$!
{
	archiveVersion = 1;
	classes = {
	};
	objectVersion = 50;
	objects = {

/* Begin PBXBuildFile section */
		B53D9A2E22A6F44500912C72 /* AppDelegate.swift in Sources */ = {isa = PBXBuildFile; fileRef = B53D9A2D22A6F44500912C72 /* AppDelegate.swift */; };
		B53D9A3022A6F44500912C72 /* ContentView.swift in Sources */ = {isa = PBXBuildFile; fileRef = B53D9A2F22A6F44500912C72 /* ContentView.swift */; };
		B53D9A3522A6F44800912C72 /* Preview Assets.xcassets in Resources */ = {isa = PBXBuildFile; fileRef = B53D9A3422A6F44800912C72 /* Preview Assets.xcassets */; };
		B53D9A3822A6F44800912C72 /* Main.storyboard in Resources */ = {isa = PBXBuildFile; fileRef = B53D9A3622A6F44800912C72 /* Main.storyboard */; };
		B53D9A4122A7C15300912C72 /* Listener.swift in Sources */ = {isa = PBXBuildFile; fileRef = B53D9A4022A7C15300912C72 /* Listener.swift */; };
		B53D9A4322A7C20900912C72 /* Constants.swift in Sources */ = {isa = PBXBuildFile; fileRef = B53D9A4222A7C20900912C72 /* Constants.swift */; };
		B53D9A4522A7C99500912C72 /* ContentViewModel.swift in Sources */ = {isa = PBXBuildFile; fileRef = B53D9A4422A7C99500912C72 /* ContentViewModel.swift */; };
		B53D9A4722A7CC1400912C72 /* PlayerInfo.swift in Sources */ = {isa = PBXBuildFile; fileRef = B53D9A4622A7CC1400912C72 /* PlayerInfo.swift */; };
		B53D9A4D22A7D8D900912C72 /* NSWindow+Helpers.swift in Sources */ = {isa = PBXBuildFile; fileRef = B53D9A4C22A7D8D900912C72 /* NSWindow+Helpers.swift */; };
		B5A981572323BD1900E9AAD8 /* Assets.xcassets in Resources */ = {isa = PBXBuildFile; fileRef = B53D9A3122A6F44800912C72 /* Assets.xcassets */; };
/* End PBXBuildFile section */

/* Begin PBXFileReference section */
		B53D9A2A22A6F44500912C72 /* CatalinaMusicBridge.app */ = {isa = PBXFileReference; explicitFileType = wrapper.application; includeInIndex = 0; path = CatalinaMusicBridge.app; sourceTree = BUILT_PRODUCTS_DIR; };
		B53D9A2D22A6F44500912C72 /* AppDelegate.swift */ = {isa = PBXFileReference; lastKnownFileType = sourcecode.swift; path = AppDelegate.swift; sourceTree = "<group>"; };
		B53D9A2F22A6F44500912C72 /* ContentView.swift */ = {isa = PBXFileReference; lastKnownFileType = sourcecode.swift; path = ContentView.swift; sourceTree = "<group>"; };
		B53D9A3122A6F44800912C72 /* Assets.xcassets */ = {isa = PBXFileReference; lastKnownFileType = folder.assetcatalog; path = Assets.xcassets; sourceTree = "<group>"; };
		B53D9A3422A6F44800912C72 /* Preview Assets.xcassets */ = {isa = PBXFileReference; lastKnownFileType = folder.assetcatalog; path = "Preview Assets.xcassets"; sourceTree = "<group>"; };
		B53D9A3722A6F44800912C72 /* Base */ = {isa = PBXFileReference; lastKnownFileType = file.storyboard; name = Base; path = Base.lproj/Main.storyboard; sourceTree = "<group>"; };
		B53D9A3922A6F44800912C72 /* Info.plist */ = {isa = PBXFileReference; lastKnownFileType = text.plist.xml; path = Info.plist; sourceTree = "<group>"; };
		B53D9A3A22A6F44800912C72 /* CatalinaMusicBridge.entitlements */ = {isa = PBXFileReference; lastKnownFileType = text.plist.entitlements; path = CatalinaMusicBridge.entitlements; sourceTree = "<group>"; };
		B53D9A4022A7C15300912C72 /* Listener.swift */ = {isa = PBXFileReference; lastKnownFileType = sourcecode.swift; path = Listener.swift; sourceTree = "<group>"; };
		B53D9A4222A7C20900912C72 /* Constants.swift */ = {isa = PBXFileReference; lastKnownFileType = sourcecode.swift; path = Constants.swift; sourceTree = "<group>"; };
		B53D9A4422A7C99500912C72 /* ContentViewModel.swift */ = {isa = PBXFileReference; lastKnownFileType = sourcecode.swift; path = ContentViewModel.swift; sourceTree = "<group>"; };
		B53D9A4622A7CC1400912C72 /* PlayerInfo.swift */ = {isa = PBXFileReference; lastKnownFileType = sourcecode.swift; path = PlayerInfo.swift; sourceTree = "<group>"; };
		B53D9A4C22A7D8D900912C72 /* NSWindow+Helpers.swift */ = {isa = PBXFileReference; lastKnownFileType = sourcecode.swift; path = "NSWindow+Helpers.swift"; sourceTree = "<group>"; };
/* End PBXFileReference section */

/* Begin PBXFrameworksBuildPhase section */
		B53D9A2722A6F44500912C72 /* Frameworks */ = {
			isa = PBXFrameworksBuildPhase;
			buildActionMask = 2147483647;
			files = (
			);
			runOnlyForDeploymentPostprocessing = 0;
		};
/* End PBXFrameworksBuildPhase section */

/* Begin PBXGroup section */
		B53D9A2122A6F44500912C72 = {
			isa = PBXGroup;
			children = (
				B53D9A2C22A6F44500912C72 /* CatalinaMusicBridge */,
				B53D9A2B22A6F44500912C72 /* Products */,
			);
			sourceTree = "<group>";
		};
		B53D9A2B22A6F44500912C72 /* Products */ = {
			isa = PBXGroup;
			children = (
				B53D9A2A22A6F44500912C72 /* CatalinaMusicBridge.app */,
			);
			name = Products;
			sourceTree = "<group>";
		};
		B53D9A2C22A6F44500912C72 /* CatalinaMusicBridge */ = {
			isa = PBXGroup;
			children = (
				B53D9A4B22A7D41A00912C72 /* Utilities */,
				B53D9A4A22A7D41200912C72 /* Controllers */,
				B53D9A4922A7D3F900912C72 /* GUI */,
				B53D9A4822A7D3EF00912C72 /* Models */,
				B53D9A2D22A6F44500912C72 /* AppDelegate.swift */,
				B53D9A3122A6F44800912C72 /* Assets.xcassets */,
				B53D9A3622A6F44800912C72 /* Main.storyboard */,
				B53D9A3922A6F44800912C72 /* Info.plist */,
				B53D9A3A22A6F44800912C72 /* CatalinaMusicBridge.entitlements */,
				B53D9A3322A6F44800912C72 /* Preview Content */,
			);
			path = CatalinaMusicBridge;
			sourceTree = "<group>";
		};
		B53D9A3322A6F44800912C72 /* Preview Content */ = {
			isa = PBXGroup;
			children = (
				B53D9A3422A6F44800912C72 /* Preview Assets.xcassets */,
			);
			path = "Preview Content";
			sourceTree = "<group>";
		};
		B53D9A4822A7D3EF00912C72 /* Models */ = {
			isa = PBXGroup;
			children = (
				B53D9A4622A7CC1400912C72 /* PlayerInfo.swift */,
			);
			path = Models;
			sourceTree = "<group>";
		};
		B53D9A4922A7D3F900912C72 /* GUI */ = {
			isa = PBXGroup;
			children = (
				B53D9A2F22A6F44500912C72 /* ContentView.swift */,
				B53D9A4422A7C99500912C72 /* ContentViewModel.swift */,
			);
			path = GUI;
			sourceTree = "<group>";
		};
		B53D9A4A22A7D41200912C72 /* Controllers */ = {
			isa = PBXGroup;
			children = (
				B53D9A4022A7C15300912C72 /* Listener.swift */,
			);
			path = Controllers;
			sourceTree = "<group>";
		};
		B53D9A4B22A7D41A00912C72 /* Utilities */ = {
			isa = PBXGroup;
			children = (
				B53D9A4222A7C20900912C72 /* Constants.swift */,
				B53D9A4C22A7D8D900912C72 /* NSWindow+Helpers.swift */,
			);
			path = Utilities;
			sourceTree = "<group>";
		};
/* End PBXGroup section */

/* Begin PBXNativeTarget section */
		B53D9A2922A6F44500912C72 /* CatalinaMusicBridge */ = {
			isa = PBXNativeTarget;
			buildConfigurationList = B53D9A3D22A6F44800912C72 /* Build configuration list for PBXNativeTarget "CatalinaMusicBridge" */;
			buildPhases = (
				B53D9A2622A6F44500912C72 /* Sources */,
				B53D9A2722A6F44500912C72 /* Frameworks */,
				B53D9A2822A6F44500912C72 /* Resources */,
			);
			buildRules = (
			);
			dependencies = (
			);
			name = CatalinaMusicBridge;
			productName = CatalinaMusicBridge;
			productReference = B53D9A2A22A6F44500912C72 /* CatalinaMusicBridge.app */;
			productType = "com.apple.product-type.application";
		};
/* End PBXNativeTarget section */

/* Begin PBXProject section */
		B53D9A2222A6F44500912C72 /* Project object */ = {
			isa = PBXProject;
			attributes = {
				LastSwiftUpdateCheck = 1100;
				LastUpgradeCheck = 1100;
				ORGANIZATIONNAME = "Danger Cove";
				TargetAttributes = {
					B53D9A2922A6F44500912C72 = {
						CreatedOnToolsVersion = 11.0;
					};
				};
			};
			buildConfigurationList = B53D9A2522A6F44500912C72 /* Build configuration list for PBXProject "CatalinaMusicBridge" */;
			compatibilityVersion = "Xcode 9.3";
			developmentRegion = en;
			hasScannedForEncodings = 0;
			knownRegions = (
				en,
				Base,
			);
			mainGroup = B53D9A2122A6F44500912C72;
			productRefGroup = B53D9A2B22A6F44500912C72 /* Products */;
			projectDirPath = "";
			projectRoot = "";
			targets = (
				B53D9A2922A6F44500912C72 /* CatalinaMusicBridge */,
			);
		};
/* End PBXProject section */

/* Begin PBXResourcesBuildPhase section */
		B53D9A2822A6F44500912C72 /* Resources */ = {
			isa = PBXResourcesBuildPhase;
			buildActionMask = 2147483647;
			files = (
				B53D9A3822A6F44800912C72 /* Main.storyboard in Resources */,
				B5A981572323BD1900E9AAD8 /* Assets.xcassets in Resources */,
				B53D9A3522A6F44800912C72 /* Preview Assets.xcassets in Resources */,
			);
			runOnlyForDeploymentPostprocessing = 0;
		};
/* End PBXResourcesBuildPhase section */

/* Begin PBXSourcesBuildPhase section */
		B53D9A2622A6F44500912C72 /* Sources */ = {
			isa = PBXSourcesBuildPhase;
			buildActionMask = 2147483647;
			files = (
				B53D9A3022A6F44500912C72 /* ContentView.swift in Sources */,
				B53D9A4122A7C15300912C72 /* Listener.swift in Sources */,
				B53D9A4722A7CC1400912C72 /* PlayerInfo.swift in Sources */,
				B53D9A4D22A7D8D900912C72 /* NSWindow+Helpers.swift in Sources */,
				B53D9A2E22A6F44500912C72 /* AppDelegate.swift in Sources */,
				B53D9A4322A7C20900912C72 /* Constants.swift in Sources */,
				B53D9A4522A7C99500912C72 /* ContentViewModel.swift in Sources */,
			);
			runOnlyForDeploymentPostprocessing = 0;
		};
/* End PBXSourcesBuildPhase section */

/* Begin PBXVariantGroup section */
		B53D9A3622A6F44800912C72 /* Main.storyboard */ = {
			isa = PBXVariantGroup;
			children = (
				B53D9A3722A6F44800912C72 /* Base */,
			);
			name = Main.storyboard;
			sourceTree = "<group>";
		};
/* End PBXVariantGroup section */

/* Begin XCBuildConfiguration section */
		B53D9A3B22A6F44800912C72 /* Debug */ = {
			isa = XCBuildConfiguration;
			buildSettings = {
				ALWAYS_SEARCH_USER_PATHS = NO;
				CLANG_ANALYZER_NONNULL = YES;
				CLANG_ANALYZER_NUMBER_OBJECT_CONVERSION = YES_AGGRESSIVE;
				CLANG_CXX_LANGUAGE_STANDARD = "gnu++14";
				CLANG_CXX_LIBRARY = "libc++";
				CLANG_ENABLE_MODULES = YES;
				CLANG_ENABLE_OBJC_ARC = YES;
				CLANG_ENABLE_OBJC_WEAK = YES;
				CLANG_WARN_BLOCK_CAPTURE_AUTORELEASING = YES;
				CLANG_WARN_BOOL_CONVERSION = YES;
				CLANG_WARN_COMMA = YES;
				CLANG_WARN_CONSTANT_CONVERSION = YES;
				CLANG_WARN_DEPRECATED_OBJC_IMPLEMENTATIONS = YES;
				CLANG_WARN_DIRECT_OBJC_ISA_USAGE = YES_ERROR;
				CLANG_WARN_DOCUMENTATION_COMMENTS = YES;
				CLANG_WARN_EMPTY_BODY = YES;
				CLANG_WARN_ENUM_CONVERSION = YES;
				CLANG_WARN_INFINITE_RECURSION = YES;
				CLANG_WARN_INT_CONVERSION = YES;
				CLANG_WARN_NON_LITERAL_NULL_CONVERSION = YES;
				CLANG_WARN_OBJC_IMPLICIT_RETAIN_SELF = YES;
				CLANG_WARN_OBJC_LITERAL_CONVERSION = YES;
				CLANG_WARN_OBJC_ROOT_CLASS = YES_ERROR;
				CLANG_WARN_RANGE_LOOP_ANALYSIS = YES;
				CLANG_WARN_STRICT_PROTOTYPES = YES;
				CLANG_WARN_SUSPICIOUS_MOVE = YES;
				CLANG_WARN_UNGUARDED_AVAILABILITY = YES_AGGRESSIVE;
				CLANG_WARN_UNREACHABLE_CODE = YES;
				CLANG_WARN__DUPLICATE_METHOD_MATCH = YES;
				COPY_PHASE_STRIP = NO;
				DEBUG_INFORMATION_FORMAT = dwarf;
				ENABLE_STRICT_OBJC_MSGSEND = YES;
				ENABLE_TESTABILITY = YES;
				GCC_C_LANGUAGE_STANDARD = gnu11;
				GCC_DYNAMIC_NO_PIC = NO;
				GCC_NO_COMMON_BLOCKS = YES;
				GCC_OPTIMIZATION_LEVEL = 0;
				GCC_PREPROCESSOR_DEFINITIONS = (
					"DEBUG=1",
					"$(inherited)",
				);
				GCC_WARN_64_TO_32_BIT_CONVERSION = YES;
				GCC_WARN_ABOUT_RETURN_TYPE = YES_ERROR;
				GCC_WARN_UNDECLARED_SELECTOR = YES;
				GCC_WARN_UNINITIALIZED_AUTOS = YES_AGGRESSIVE;
				GCC_WARN_UNUSED_FUNCTION = YES;
				GCC_WARN_UNUSED_VARIABLE = YES;
				MACOSX_DEPLOYMENT_TARGET = 10.15;
				MTL_ENABLE_DEBUG_INFO = INCLUDE_SOURCE;
				MTL_FAST_MATH = YES;
				ONLY_ACTIVE_ARCH = YES;
				SDKROOT = macosx;
				SWIFT_ACTIVE_COMPILATION_CONDITIONS = DEBUG;
				SWIFT_OPTIMIZATION_LEVEL = "-Onone";
			};
			name = Debug;
		};
		B53D9A3C22A6F44800912C72 /* Release */ = {
			isa = XCBuildConfiguration;
			buildSettings = {
				ALWAYS_SEARCH_USER_PATHS = NO;
				CLANG_ANALYZER_NONNULL = YES;
				CLANG_ANALYZER_NUMBER_OBJECT_CONVERSION = YES_AGGRESSIVE;
				CLANG_CXX_LANGUAGE_STANDARD = "gnu++14";
				CLANG_CXX_LIBRARY = "libc++";
				CLANG_ENABLE_MODULES = YES;
				CLANG_ENABLE_OBJC_ARC = YES;
				CLANG_ENABLE_OBJC_WEAK = YES;
				CLANG_WARN_BLOCK_CAPTURE_AUTORELEASING = YES;
				CLANG_WARN_BOOL_CONVERSION = YES;
				CLANG_WARN_COMMA = YES;
				CLANG_WARN_CONSTANT_CONVERSION = YES;
				CLANG_WARN_DEPRECATED_OBJC_IMPLEMENTATIONS = YES;
				CLANG_WARN_DIRECT_OBJC_ISA_USAGE = YES_ERROR;
				CLANG_WARN_DOCUMENTATION_COMMENTS = YES;
				CLANG_WARN_EMPTY_BODY = YES;
				CLANG_WARN_ENUM_CONVERSION = YES;
				CLANG_WARN_INFINITE_RECURSION = YES;
				CLANG_WARN_INT_CONVERSION = YES;
				CLANG_WARN_NON_LITERAL_NULL_CONVERSION = YES;
				CLANG_WARN_OBJC_IMPLICIT_RETAIN_SELF = YES;
				CLANG_WARN_OBJC_LITERAL_CONVERSION = YES;
				CLANG_WARN_OBJC_ROOT_CLASS = YES_ERROR;
				CLANG_WARN_RANGE_LOOP_ANALYSIS = YES;
				CLANG_WARN_STRICT_PROTOTYPES = YES;
				CLANG_WARN_SUSPICIOUS_MOVE = YES;
				CLANG_WARN_UNGUARDED_AVAILABILITY = YES_AGGRESSIVE;
				CLANG_WARN_UNREACHABLE_CODE = YES;
				CLANG_WARN__DUPLICATE_METHOD_MATCH = YES;
				COPY_PHASE_STRIP = NO;
				DEBUG_INFORMATION_FORMAT = "dwarf-with-dsym";
				ENABLE_NS_ASSERTIONS = NO;
				ENABLE_STRICT_OBJC_MSGSEND = YES;
				GCC_C_LANGUAGE_STANDARD = gnu11;
				GCC_NO_COMMON_BLOCKS = YES;
				GCC_WARN_64_TO_32_BIT_CONVERSION = YES;
				GCC_WARN_ABOUT_RETURN_TYPE = YES_ERROR;
				GCC_WARN_UNDECLARED_SELECTOR = YES;
				GCC_WARN_UNINITIALIZED_AUTOS = YES_AGGRESSIVE;
				GCC_WARN_UNUSED_FUNCTION = YES;
				GCC_WARN_UNUSED_VARIABLE = YES;
				MACOSX_DEPLOYMENT_TARGET = 10.15;
				MTL_ENABLE_DEBUG_INFO = NO;
				MTL_FAST_MATH = YES;
				SDKROOT = macosx;
				SWIFT_COMPILATION_MODE = wholemodule;
				SWIFT_OPTIMIZATION_LEVEL = "-O";
			};
			name = Release;
		};
		B53D9A3E22A6F44800912C72 /* Debug */ = {
			isa = XCBuildConfiguration;
			buildSettings = {
				ASSETCATALOG_COMPILER_APPICON_NAME = AppIcon;
				CODE_SIGN_ENTITLEMENTS = CatalinaMusicBridge/CatalinaMusicBridge.entitlements;
				CODE_SIGN_STYLE = Automatic;
				COMBINE_HIDPI_IMAGES = YES;
				DEVELOPMENT_ASSET_PATHS = "CatalinaMusicBridge/Preview\\ Content";
				DEVELOPMENT_TEAM = RVZKP45394;
				EMBED_ASSET_PACKS_IN_PRODUCT_BUNDLE = NO;
				ENABLE_HARDENED_RUNTIME = YES;
				ENABLE_PREVIEWS = YES;
				INFOPLIST_FILE = CatalinaMusicBridge/Info.plist;
				LD_RUNPATH_SEARCH_PATHS = (
					"$(inherited)",
					"@executable_path/../Frameworks",
				);
				PRODUCT_BUNDLE_IDENTIFIER = com.dangercove.CatalinaMusicBridge;
				PRODUCT_NAME = "$(TARGET_NAME)";
				SWIFT_VERSION = 5.0;
			};
			name = Debug;
		};
		B53D9A3F22A6F44800912C72 /* Release */ = {
			isa = XCBuildConfiguration;
			buildSettings = {
				ASSETCATALOG_COMPILER_APPICON_NAME = AppIcon;
				CODE_SIGN_ENTITLEMENTS = CatalinaMusicBridge/CatalinaMusicBridge.entitlements;
				CODE_SIGN_STYLE = Automatic;
				COMBINE_HIDPI_IMAGES = YES;
				DEVELOPMENT_ASSET_PATHS = "CatalinaMusicBridge/Preview\\ Content";
				DEVELOPMENT_TEAM = RVZKP45394;
				EMBED_ASSET_PACKS_IN_PRODUCT_BUNDLE = NO;
				ENABLE_HARDENED_RUNTIME = YES;
				ENABLE_PREVIEWS = YES;
				INFOPLIST_FILE = CatalinaMusicBridge/Info.plist;
				LD_RUNPATH_SEARCH_PATHS = (
					"$(inherited)",
					"@executable_path/../Frameworks",
				);
				PRODUCT_BUNDLE_IDENTIFIER = com.dangercove.CatalinaMusicBridge;
				PRODUCT_NAME = "$(TARGET_NAME)";
				SWIFT_VERSION = 5.0;
			};
			name = Release;
		};
/* End XCBuildConfiguration section */

/* Begin XCConfigurationList section */
		B53D9A2522A6F44500912C72 /* Build configuration list for PBXProject "CatalinaMusicBridge" */ = {
			isa = XCConfigurationList;
			buildConfigurations = (
				B53D9A3B22A6F44800912C72 /* Debug */,
				B53D9A3C22A6F44800912C72 /* Release */,
			);
			defaultConfigurationIsVisible = 0;
			defaultConfigurationName = Release;
		};
		B53D9A3D22A6F44800912C72 /* Build configuration list for PBXNativeTarget "CatalinaMusicBridge" */ = {
			isa = XCConfigurationList;
			buildConfigurations = (
				B53D9A3E22A6F44800912C72 /* Debug */,
				B53D9A3F22A6F44800912C72 /* Release */,
			);
			defaultConfigurationIsVisible = 0;
			defaultConfigurationName = Release;
		};
/* End XCConfigurationList section */
	};
	rootObject = B53D9A2222A6F44500912C72 /* Project object */;
}
